
Microsoft Visual Studio Solution File, Format Version 12.00
# Visual Studio Version 17
VisualStudioVersion = 17.5.002.0
MinimumVisualStudioVersion = 10.0.40219.1
Project("{9A19103F-16F7-4668-BE54-9A1E7A4F7556}") = "TodoAPIDotNet", "TodoAPIDotNet.csproj", "{CCA36523-5701-478E-8891-C88622657B38}"
EndProject
Global
	GlobalSection(SolutionConfigurationPlatforms) = preSolution
		Debug|Any CPU = Debug|Any CPU
		Release|Any CPU = Release|Any CPU
	EndGlobalSection
	GlobalSection(ProjectConfigurationPlatforms) = postSolution
		{CCA36523-5701-478E-8891-C88622657B38}.Debug|Any CPU.ActiveCfg = Debug|Any CPU
		{CCA36523-5701-478E-8891-C88622657B38}.Debug|Any CPU.Build.0 = Debug|Any CPU
		{CCA36523-5701-478E-8891-C88622657B38}.Release|Any CPU.ActiveCfg = Release|Any CPU
		{CCA36523-5701-478E-8891-C88622657B38}.Release|Any CPU.Build.0 = Release|Any CPU
	EndGlobalSection
	GlobalSection(SolutionProperties) = preSolution
		HideSolutionNode = FALSE
	EndGlobalSection
	GlobalSection(ExtensibilityGlobals) = postSolution
		SolutionGuid = {44BA79E9-568D-4AA2-B5F8-B0515A119AA8}
	EndGlobalSection
EndGlobal
